
Microsoft Visual Studio Solution File, Format Version 12.00
# Visual Studio Version 17
VisualStudioVersion = 17.5.33414.496
MinimumVisualStudioVersion = 10.0.40219.1
Project("{FAE04EC0-301F-11D3-BF4B-00C04F79EFBC}") = "L01P02_2020CT650", "L01P02_2020CT650\L01P02_2020CT650.csproj", "{93FD2518-0C19-405D-9594-2FB2E153E361}"
EndProject
Global
	GlobalSection(SolutionConfigurationPlatforms) = preSolution
		Debug|Any CPU = Debug|Any CPU
		Release|Any CPU = Release|Any CPU
	EndGlobalSection
	GlobalSection(ProjectConfigurationPlatforms) = postSolution
		{93FD2518-0C19-405D-9594-2FB2E153E361}.Debug|Any CPU.ActiveCfg = Debug|Any CPU
		{93FD2518-0C19-405D-9594-2FB2E153E361}.Debug|Any CPU.Build.0 = Debug|Any CPU
		{93FD2518-0C19-405D-9594-2FB2E153E361}.Release|Any CPU.ActiveCfg = Release|Any CPU
		{93FD2518-0C19-405D-9594-2FB2E153E361}.Release|Any CPU.Build.0 = Release|Any CPU
	EndGlobalSection
	GlobalSection(SolutionProperties) = preSolution
		HideSolutionNode = FALSE
	EndGlobalSection
	GlobalSection(ExtensibilityGlobals) = postSolution
		SolutionGuid = {DA84B61C-B0CE-4679-BB26-5CA33D742267}
	EndGlobalSection
EndGlobal
